
Microsoft Visual Studio Solution File, Format Version 12.00
# Visual Studio Version 17
VisualStudioVersion = 17.11.35327.3
MinimumVisualStudioVersion = 10.0.40219.1
Project("{FAE04EC0-301F-11D3-BF4B-00C04F79EFBC}") = "Tela_Cultivo", "Tela_Cultivo\Tela_Cultivo.csproj", "{5ECE9AD4-B495-40A9-83A6-1E8B46EBB44B}"
EndProject
Global
	GlobalSection(SolutionConfigurationPlatforms) = preSolution
		Debug|Any CPU = Debug|Any CPU
		Release|Any CPU = Release|Any CPU
	EndGlobalSection
	GlobalSection(ProjectConfigurationPlatforms) = postSolution
		{5ECE9AD4-B495-40A9-83A6-1E8B46EBB44B}.Debug|Any CPU.ActiveCfg = Debug|Any CPU
		{5ECE9AD4-B495-40A9-83A6-1E8B46EBB44B}.Debug|Any CPU.Build.0 = Debug|Any CPU
		{5ECE9AD4-B495-40A9-83A6-1E8B46EBB44B}.Release|Any CPU.ActiveCfg = Release|Any CPU
		{5ECE9AD4-B495-40A9-83A6-1E8B46EBB44B}.Release|Any CPU.Build.0 = Release|Any CPU
	EndGlobalSection
	GlobalSection(SolutionProperties) = preSolution
		HideSolutionNode = FALSE
	EndGlobalSection
	GlobalSection(ExtensibilityGlobals) = postSolution
		SolutionGuid = {0AB7F388-D589-46BB-B416-E940D647C262}
	EndGlobalSection
EndGlobal
